// !$*UTF8*$!
{
	archiveVersion = 1;
	classes = {
	};
	objectVersion = 56;
	objects = {

/* Begin PBXBuildFile section */
		2D60289C2911A4A500D33D6B /* SignUpController.swift in Sources */ = {isa = PBXBuildFile; fileRef = 2D60289B2911A4A500D33D6B /* SignUpController.swift */; };
		2D60289E2912D76000D33D6B /* AuthButton.swift in Sources */ = {isa = PBXBuildFile; fileRef = 2D60289D2912D76000D33D6B /* AuthButton.swift */; };
		2D6028A029146DD600D33D6B /* GoogleService-Info.plist in Resources */ = {isa = PBXBuildFile; fileRef = 2D60289F29146DD600D33D6B /* GoogleService-Info.plist */; };
		2DCC0BC428FF38F5008E3B1D /* AppDelegate.swift in Sources */ = {isa = PBXBuildFile; fileRef = 2DCC0BC328FF38F5008E3B1D /* AppDelegate.swift */; };
		2DCC0BC628FF38F5008E3B1D /* SceneDelegate.swift in Sources */ = {isa = PBXBuildFile; fileRef = 2DCC0BC528FF38F5008E3B1D /* SceneDelegate.swift */; };
		2DCC0BCB28FF38F5008E3B1D /* Main.storyboard in Resources */ = {isa = PBXBuildFile; fileRef = 2DCC0BC928FF38F5008E3B1D /* Main.storyboard */; };
		2DCC0BCD28FF38F6008E3B1D /* Assets.xcassets in Resources */ = {isa = PBXBuildFile; fileRef = 2DCC0BCC28FF38F6008E3B1D /* Assets.xcassets */; };
		2DCC0BD028FF38F6008E3B1D /* LaunchScreen.storyboard in Resources */ = {isa = PBXBuildFile; fileRef = 2DCC0BCE28FF38F6008E3B1D /* LaunchScreen.storyboard */; };
		2DCC0BDF28FF3A20008E3B1D /* LoginViewController.swift in Sources */ = {isa = PBXBuildFile; fileRef = 2DCC0BDE28FF3A20008E3B1D /* LoginViewController.swift */; };
		2DCC0BE128FF431D008E3B1D /* Extensions.swift in Sources */ = {isa = PBXBuildFile; fileRef = 2DCC0BE028FF431D008E3B1D /* Extensions.swift */; };
		2DCF5ED029148261003B0D27 /* FirebaseAnalytics in Frameworks */ = {isa = PBXBuildFile; productRef = 2DCF5ECF29148261003B0D27 /* FirebaseAnalytics */; };
		2DCF5ED229148261003B0D27 /* FirebaseAuth in Frameworks */ = {isa = PBXBuildFile; productRef = 2DCF5ED129148261003B0D27 /* FirebaseAuth */; };
		2DCF5ED429148261003B0D27 /* FirebaseDatabase in Frameworks */ = {isa = PBXBuildFile; productRef = 2DCF5ED329148261003B0D27 /* FirebaseDatabase */; };
		2DCF5ED629148261003B0D27 /* FirebaseStorage in Frameworks */ = {isa = PBXBuildFile; productRef = 2DCF5ED529148261003B0D27 /* FirebaseStorage */; };
		2DCF5ED829197FD9003B0D27 /* HomeController.swift in Sources */ = {isa = PBXBuildFile; fileRef = 2DCF5ED729197FD9003B0D27 /* HomeController.swift */; };
		2DCF5EDA291D2FBB003B0D27 /* LocationInputView.swift in Sources */ = {isa = PBXBuildFile; fileRef = 2DCF5ED9291D2FBB003B0D27 /* LocationInputView.swift */; };
		2DCF5EDC291D4D19003B0D27 /* ChooseLocationView.swift in Sources */ = {isa = PBXBuildFile; fileRef = 2DCF5EDB291D4D19003B0D27 /* ChooseLocationView.swift */; };
		2DCF5EDE29215A65003B0D27 /* LocationCell.swift in Sources */ = {isa = PBXBuildFile; fileRef = 2DCF5EDD29215A65003B0D27 /* LocationCell.swift */; };
		2DCF5EE02924ED0E003B0D27 /* Service.swift in Sources */ = {isa = PBXBuildFile; fileRef = 2DCF5EDF2924ED0E003B0D27 /* Service.swift */; };
		2DCF5EE2292576DF003B0D27 /* User.swift in Sources */ = {isa = PBXBuildFile; fileRef = 2DCF5EE1292576DF003B0D27 /* User.swift */; };
/* End PBXBuildFile section */

/* Begin PBXFileReference section */
		2D60289B2911A4A500D33D6B /* SignUpController.swift */ = {isa = PBXFileReference; lastKnownFileType = sourcecode.swift; path = SignUpController.swift; sourceTree = "<group>"; };
		2D60289D2912D76000D33D6B /* AuthButton.swift */ = {isa = PBXFileReference; lastKnownFileType = sourcecode.swift; path = AuthButton.swift; sourceTree = "<group>"; };
		2D60289F29146DD600D33D6B /* GoogleService-Info.plist */ = {isa = PBXFileReference; lastKnownFileType = text.plist; path = "GoogleService-Info.plist"; sourceTree = SOURCE_ROOT; };
		2DCC0BC028FF38F5008E3B1D /* Taxi_clone.app */ = {isa = PBXFileReference; explicitFileType = wrapper.application; includeInIndex = 0; path = Taxi_clone.app; sourceTree = BUILT_PRODUCTS_DIR; };
		2DCC0BC328FF38F5008E3B1D /* AppDelegate.swift */ = {isa = PBXFileReference; lastKnownFileType = sourcecode.swift; path = AppDelegate.swift; sourceTree = "<group>"; };
		2DCC0BC528FF38F5008E3B1D /* SceneDelegate.swift */ = {isa = PBXFileReference; lastKnownFileType = sourcecode.swift; path = SceneDelegate.swift; sourceTree = "<group>"; };
		2DCC0BCA28FF38F5008E3B1D /* Base */ = {isa = PBXFileReference; lastKnownFileType = file.storyboard; name = Base; path = Base.lproj/Main.storyboard; sourceTree = "<group>"; };
		2DCC0BCC28FF38F6008E3B1D /* Assets.xcassets */ = {isa = PBXFileReference; lastKnownFileType = folder.assetcatalog; path = Assets.xcassets; sourceTree = "<group>"; };
		2DCC0BCF28FF38F6008E3B1D /* Base */ = {isa = PBXFileReference; lastKnownFileType = file.storyboard; name = Base; path = Base.lproj/LaunchScreen.storyboard; sourceTree = "<group>"; };
		2DCC0BD128FF38F6008E3B1D /* Info.plist */ = {isa = PBXFileReference; lastKnownFileType = text.plist.xml; path = Info.plist; sourceTree = "<group>"; };
		2DCC0BDE28FF3A20008E3B1D /* LoginViewController.swift */ = {isa = PBXFileReference; lastKnownFileType = sourcecode.swift; path = LoginViewController.swift; sourceTree = "<group>"; };
		2DCC0BE028FF431D008E3B1D /* Extensions.swift */ = {isa = PBXFileReference; lastKnownFileType = sourcecode.swift; path = Extensions.swift; sourceTree = "<group>"; };
		2DCF5ED729197FD9003B0D27 /* HomeController.swift */ = {isa = PBXFileReference; lastKnownFileType = sourcecode.swift; path = HomeController.swift; sourceTree = "<group>"; };
		2DCF5ED9291D2FBB003B0D27 /* LocationInputView.swift */ = {isa = PBXFileReference; lastKnownFileType = sourcecode.swift; path = LocationInputView.swift; sourceTree = "<group>"; };
		2DCF5EDB291D4D19003B0D27 /* ChooseLocationView.swift */ = {isa = PBXFileReference; lastKnownFileType = sourcecode.swift; path = ChooseLocationView.swift; sourceTree = "<group>"; };
		2DCF5EDD29215A65003B0D27 /* LocationCell.swift */ = {isa = PBXFileReference; lastKnownFileType = sourcecode.swift; path = LocationCell.swift; sourceTree = "<group>"; };
		2DCF5EDF2924ED0E003B0D27 /* Service.swift */ = {isa = PBXFileReference; lastKnownFileType = sourcecode.swift; path = Service.swift; sourceTree = "<group>"; };
		2DCF5EE1292576DF003B0D27 /* User.swift */ = {isa = PBXFileReference; lastKnownFileType = sourcecode.swift; path = User.swift; sourceTree = "<group>"; };
/* End PBXFileReference section */

/* Begin PBXFrameworksBuildPhase section */
		2DCC0BBD28FF38F5008E3B1D /* Frameworks */ = {
			isa = PBXFrameworksBuildPhase;
			buildActionMask = 2147483647;
			files = (
				2DCF5ED429148261003B0D27 /* FirebaseDatabase in Frameworks */,
				2DCF5ED629148261003B0D27 /* FirebaseStorage in Frameworks */,
				2DCF5ED029148261003B0D27 /* FirebaseAnalytics in Frameworks */,
				2DCF5ED229148261003B0D27 /* FirebaseAuth in Frameworks */,
			);
			runOnlyForDeploymentPostprocessing = 0;
		};
/* End PBXFrameworksBuildPhase section */

/* Begin PBXGroup section */
		2DCC0BB728FF38F5008E3B1D = {
			isa = PBXGroup;
			children = (
				2DCC0BC228FF38F5008E3B1D /* Taxi_clone */,
				2DCC0BC128FF38F5008E3B1D /* Products */,
			);
			sourceTree = "<group>";
		};
		2DCC0BC128FF38F5008E3B1D /* Products */ = {
			isa = PBXGroup;
			children = (
				2DCC0BC028FF38F5008E3B1D /* Taxi_clone.app */,
			);
			name = Products;
			sourceTree = "<group>";
		};
		2DCC0BC228FF38F5008E3B1D /* Taxi_clone */ = {
			isa = PBXGroup;
			children = (
				2DCC0BDD28FF3983008E3B1D /* Utils */,
				2DCC0BDC28FF3977008E3B1D /* Service */,
				2DCC0BDB28FF3966008E3B1D /* Controller */,
				2DCC0BD828FF3923008E3B1D /* View */,
				2DCC0BD728FF3917008E3B1D /* Model */,
				2DCC0BC328FF38F5008E3B1D /* AppDelegate.swift */,
				2DCC0BC528FF38F5008E3B1D /* SceneDelegate.swift */,
				2DCC0BC928FF38F5008E3B1D /* Main.storyboard */,
				2DCC0BCC28FF38F6008E3B1D /* Assets.xcassets */,
				2DCC0BCE28FF38F6008E3B1D /* LaunchScreen.storyboard */,
				2DCC0BD128FF38F6008E3B1D /* Info.plist */,
				2D60289F29146DD600D33D6B /* GoogleService-Info.plist */,
			);
			path = Taxi_clone;
			sourceTree = "<group>";
		};
		2DCC0BD728FF3917008E3B1D /* Model */ = {
			isa = PBXGroup;
			children = (
				2DCF5EE1292576DF003B0D27 /* User.swift */,
			);
			path = Model;
			sourceTree = "<group>";
		};
		2DCC0BD828FF3923008E3B1D /* View */ = {
			isa = PBXGroup;
			children = (
				2D60289D2912D76000D33D6B /* AuthButton.swift */,
				2DCF5ED9291D2FBB003B0D27 /* LocationInputView.swift */,
				2DCF5EDB291D4D19003B0D27 /* ChooseLocationView.swift */,
				2DCF5EDD29215A65003B0D27 /* LocationCell.swift */,
			);
			path = View;
			sourceTree = "<group>";
		};
		2DCC0BDB28FF3966008E3B1D /* Controller */ = {
			isa = PBXGroup;
			children = (
				2DCC0BDE28FF3A20008E3B1D /* LoginViewController.swift */,
				2D60289B2911A4A500D33D6B /* SignUpController.swift */,
				2DCF5ED729197FD9003B0D27 /* HomeController.swift */,
			);
			path = Controller;
			sourceTree = "<group>";
		};
		2DCC0BDC28FF3977008E3B1D /* Service */ = {
			isa = PBXGroup;
			children = (
				2DCF5EDF2924ED0E003B0D27 /* Service.swift */,
			);
			path = Service;
			sourceTree = "<group>";
		};
		2DCC0BDD28FF3983008E3B1D /* Utils */ = {
			isa = PBXGroup;
			children = (
				2DCC0BE028FF431D008E3B1D /* Extensions.swift */,
			);
			path = Utils;
			sourceTree = "<group>";
		};
/* End PBXGroup section */

/* Begin PBXNativeTarget section */
		2DCC0BBF28FF38F5008E3B1D /* Taxi_clone */ = {
			isa = PBXNativeTarget;
			buildConfigurationList = 2DCC0BD428FF38F6008E3B1D /* Build configuration list for PBXNativeTarget "Taxi_clone" */;
			buildPhases = (
				2DCC0BBC28FF38F5008E3B1D /* Sources */,
				2DCC0BBD28FF38F5008E3B1D /* Frameworks */,
				2DCC0BBE28FF38F5008E3B1D /* Resources */,
			);
			buildRules = (
			);
			dependencies = (
			);
			name = Taxi_clone;
			packageProductDependencies = (
				2DCF5ECF29148261003B0D27 /* FirebaseAnalytics */,
				2DCF5ED129148261003B0D27 /* FirebaseAuth */,
				2DCF5ED329148261003B0D27 /* FirebaseDatabase */,
				2DCF5ED529148261003B0D27 /* FirebaseStorage */,
			);
			productName = Taxi_clone;
			productReference = 2DCC0BC028FF38F5008E3B1D /* Taxi_clone.app */;
			productType = "com.apple.product-type.application";
		};
/* End PBXNativeTarget section */

/* Begin PBXProject section */
		2DCC0BB828FF38F5008E3B1D /* Project object */ = {
			isa = PBXProject;
			attributes = {
				BuildIndependentTargetsInParallel = 1;
				LastSwiftUpdateCheck = 1400;
				LastUpgradeCheck = 1400;
				TargetAttributes = {
					2DCC0BBF28FF38F5008E3B1D = {
						CreatedOnToolsVersion = 14.0.1;
					};
				};
			};
			buildConfigurationList = 2DCC0BBB28FF38F5008E3B1D /* Build configuration list for PBXProject "Taxi_clone" */;
			compatibilityVersion = "Xcode 14.0";
			developmentRegion = en;
			hasScannedForEncodings = 0;
			knownRegions = (
				en,
				Base,
			);
			mainGroup = 2DCC0BB728FF38F5008E3B1D;
			packageReferences = (
				2DCF5ECE29148261003B0D27 /* XCRemoteSwiftPackageReference "firebase-ios-sdk" */,
			);
			productRefGroup = 2DCC0BC128FF38F5008E3B1D /* Products */;
			projectDirPath = "";
			projectRoot = "";
			targets = (
				2DCC0BBF28FF38F5008E3B1D /* Taxi_clone */,
			);
		};
/* End PBXProject section */

/* Begin PBXResourcesBuildPhase section */
		2DCC0BBE28FF38F5008E3B1D /* Resources */ = {
			isa = PBXResourcesBuildPhase;
			buildActionMask = 2147483647;
			files = (
				2DCC0BD028FF38F6008E3B1D /* LaunchScreen.storyboard in Resources */,
				2D6028A029146DD600D33D6B /* GoogleService-Info.plist in Resources */,
				2DCC0BCD28FF38F6008E3B1D /* Assets.xcassets in Resources */,
				2DCC0BCB28FF38F5008E3B1D /* Main.storyboard in Resources */,
			);
			runOnlyForDeploymentPostprocessing = 0;
		};
/* End PBXResourcesBuildPhase section */

/* Begin PBXSourcesBuildPhase section */
		2DCC0BBC28FF38F5008E3B1D /* Sources */ = {
			isa = PBXSourcesBuildPhase;
			buildActionMask = 2147483647;
			files = (
				2D60289C2911A4A500D33D6B /* SignUpController.swift in Sources */,
				2D60289E2912D76000D33D6B /* AuthButton.swift in Sources */,
				2DCF5ED829197FD9003B0D27 /* HomeController.swift in Sources */,
				2DCF5EDC291D4D19003B0D27 /* ChooseLocationView.swift in Sources */,
				2DCC0BDF28FF3A20008E3B1D /* LoginViewController.swift in Sources */,
				2DCC0BC428FF38F5008E3B1D /* AppDelegate.swift in Sources */,
				2DCF5EDE29215A65003B0D27 /* LocationCell.swift in Sources */,
				2DCC0BC628FF38F5008E3B1D /* SceneDelegate.swift in Sources */,
				2DCF5EE2292576DF003B0D27 /* User.swift in Sources */,
				2DCF5EE02924ED0E003B0D27 /* Service.swift in Sources */,
				2DCF5EDA291D2FBB003B0D27 /* LocationInputView.swift in Sources */,
				2DCC0BE128FF431D008E3B1D /* Extensions.swift in Sources */,
			);
			runOnlyForDeploymentPostprocessing = 0;
		};
/* End PBXSourcesBuildPhase section */

/* Begin PBXVariantGroup section */
		2DCC0BC928FF38F5008E3B1D /* Main.storyboard */ = {
			isa = PBXVariantGroup;
			children = (
				2DCC0BCA28FF38F5008E3B1D /* Base */,
			);
			name = Main.storyboard;
			sourceTree = "<group>";
		};
		2DCC0BCE28FF38F6008E3B1D /* LaunchScreen.storyboard */ = {
			isa = PBXVariantGroup;
			children = (
				2DCC0BCF28FF38F6008E3B1D /* Base */,
			);
			name = LaunchScreen.storyboard;
			sourceTree = "<group>";
		};
/* End PBXVariantGroup section */

/* Begin XCBuildConfiguration section */
		2DCC0BD228FF38F6008E3B1D /* Debug */ = {
			isa = XCBuildConfiguration;
			buildSettings = {
				ALWAYS_SEARCH_USER_PATHS = NO;
				CLANG_ANALYZER_NONNULL = YES;
				CLANG_ANALYZER_NUMBER_OBJECT_CONVERSION = YES_AGGRESSIVE;
				CLANG_CXX_LANGUAGE_STANDARD = "gnu++20";
				CLANG_ENABLE_MODULES = YES;
				CLANG_ENABLE_OBJC_ARC = YES;
				CLANG_ENABLE_OBJC_WEAK = YES;
				CLANG_WARN_BLOCK_CAPTURE_AUTORELEASING = YES;
				CLANG_WARN_BOOL_CONVERSION = YES;
				CLANG_WARN_COMMA = YES;
				CLANG_WARN_CONSTANT_CONVERSION = YES;
				CLANG_WARN_DEPRECATED_OBJC_IMPLEMENTATIONS = YES;
				CLANG_WARN_DIRECT_OBJC_ISA_USAGE = YES_ERROR;
				CLANG_WARN_DOCUMENTATION_COMMENTS = YES;
				CLANG_WARN_EMPTY_BODY = YES;
				CLANG_WARN_ENUM_CONVERSION = YES;
				CLANG_WARN_INFINITE_RECURSION = YES;
				CLANG_WARN_INT_CONVERSION = YES;
				CLANG_WARN_NON_LITERAL_NULL_CONVERSION = YES;
				CLANG_WARN_OBJC_IMPLICIT_RETAIN_SELF = YES;
				CLANG_WARN_OBJC_LITERAL_CONVERSION = YES;
				CLANG_WARN_OBJC_ROOT_CLASS = YES_ERROR;
				CLANG_WARN_QUOTED_INCLUDE_IN_FRAMEWORK_HEADER = YES;
				CLANG_WARN_RANGE_LOOP_ANALYSIS = YES;
				CLANG_WARN_STRICT_PROTOTYPES = YES;
				CLANG_WARN_SUSPICIOUS_MOVE = YES;
				CLANG_WARN_UNGUARDED_AVAILABILITY = YES_AGGRESSIVE;
				CLANG_WARN_UNREACHABLE_CODE = YES;
				CLANG_WARN__DUPLICATE_METHOD_MATCH = YES;
				COPY_PHASE_STRIP = NO;
				DEBUG_INFORMATION_FORMAT = dwarf;
				ENABLE_STRICT_OBJC_MSGSEND = YES;
				ENABLE_TESTABILITY = YES;
				GCC_C_LANGUAGE_STANDARD = gnu11;
				GCC_DYNAMIC_NO_PIC = NO;
				GCC_NO_COMMON_BLOCKS = YES;
				GCC_OPTIMIZATION_LEVEL = 0;
				GCC_PREPROCESSOR_DEFINITIONS = (
					"DEBUG=1",
					"$(inherited)",
				);
				GCC_WARN_64_TO_32_BIT_CONVERSION = YES;
				GCC_WARN_ABOUT_RETURN_TYPE = YES_ERROR;
				GCC_WARN_UNDECLARED_SELECTOR = YES;
				GCC_WARN_UNINITIALIZED_AUTOS = YES_AGGRESSIVE;
				GCC_WARN_UNUSED_FUNCTION = YES;
				GCC_WARN_UNUSED_VARIABLE = YES;
				IPHONEOS_DEPLOYMENT_TARGET = 16.0;
				MTL_ENABLE_DEBUG_INFO = INCLUDE_SOURCE;
				MTL_FAST_MATH = YES;
				ONLY_ACTIVE_ARCH = YES;
				SDKROOT = iphoneos;
				SWIFT_ACTIVE_COMPILATION_CONDITIONS = DEBUG;
				SWIFT_OPTIMIZATION_LEVEL = "-Onone";
			};
			name = Debug;
		};
		2DCC0BD328FF38F6008E3B1D /* Release */ = {
			isa = XCBuildConfiguration;
			buildSettings = {
				ALWAYS_SEARCH_USER_PATHS = NO;
				CLANG_ANALYZER_NONNULL = YES;
				CLANG_ANALYZER_NUMBER_OBJECT_CONVERSION = YES_AGGRESSIVE;
				CLANG_CXX_LANGUAGE_STANDARD = "gnu++20";
				CLANG_ENABLE_MODULES = YES;
				CLANG_ENABLE_OBJC_ARC = YES;
				CLANG_ENABLE_OBJC_WEAK = YES;
				CLANG_WARN_BLOCK_CAPTURE_AUTORELEASING = YES;
				CLANG_WARN_BOOL_CONVERSION = YES;
				CLANG_WARN_COMMA = YES;
				CLANG_WARN_CONSTANT_CONVERSION = YES;
				CLANG_WARN_DEPRECATED_OBJC_IMPLEMENTATIONS = YES;
				CLANG_WARN_DIRECT_OBJC_ISA_USAGE = YES_ERROR;
				CLANG_WARN_DOCUMENTATION_COMMENTS = YES;
				CLANG_WARN_EMPTY_BODY = YES;
				CLANG_WARN_ENUM_CONVERSION = YES;
				CLANG_WARN_INFINITE_RECURSION = YES;
				CLANG_WARN_INT_CONVERSION = YES;
				CLANG_WARN_NON_LITERAL_NULL_CONVERSION = YES;
				CLANG_WARN_OBJC_IMPLICIT_RETAIN_SELF = YES;
				CLANG_WARN_OBJC_LITERAL_CONVERSION = YES;
				CLANG_WARN_OBJC_ROOT_CLASS = YES_ERROR;
				CLANG_WARN_QUOTED_INCLUDE_IN_FRAMEWORK_HEADER = YES;
				CLANG_WARN_RANGE_LOOP_ANALYSIS = YES;
				CLANG_WARN_STRICT_PROTOTYPES = YES;
				CLANG_WARN_SUSPICIOUS_MOVE = YES;
				CLANG_WARN_UNGUARDED_AVAILABILITY = YES_AGGRESSIVE;
				CLANG_WARN_UNREACHABLE_CODE = YES;
				CLANG_WARN__DUPLICATE_METHOD_MATCH = YES;
				COPY_PHASE_STRIP = NO;
				DEBUG_INFORMATION_FORMAT = "dwarf-with-dsym";
				ENABLE_NS_ASSERTIONS = NO;
				ENABLE_STRICT_OBJC_MSGSEND = YES;
				GCC_C_LANGUAGE_STANDARD = gnu11;
				GCC_NO_COMMON_BLOCKS = YES;
				GCC_WARN_64_TO_32_BIT_CONVERSION = YES;
				GCC_WARN_ABOUT_RETURN_TYPE = YES_ERROR;
				GCC_WARN_UNDECLARED_SELECTOR = YES;
				GCC_WARN_UNINITIALIZED_AUTOS = YES_AGGRESSIVE;
				GCC_WARN_UNUSED_FUNCTION = YES;
				GCC_WARN_UNUSED_VARIABLE = YES;
				IPHONEOS_DEPLOYMENT_TARGET = 16.0;
				MTL_ENABLE_DEBUG_INFO = NO;
				MTL_FAST_MATH = YES;
				SDKROOT = iphoneos;
				SWIFT_COMPILATION_MODE = wholemodule;
				SWIFT_OPTIMIZATION_LEVEL = "-O";
				VALIDATE_PRODUCT = YES;
			};
			name = Release;
		};
		2DCC0BD528FF38F6008E3B1D /* Debug */ = {
			isa = XCBuildConfiguration;
			buildSettings = {
				ASSETCATALOG_COMPILER_APPICON_NAME = AppIcon;
				ASSETCATALOG_COMPILER_GLOBAL_ACCENT_COLOR_NAME = AccentColor;
				CODE_SIGN_STYLE = Automatic;
				CURRENT_PROJECT_VERSION = 1;
				DEVELOPMENT_TEAM = 84QP795ZK2;
				GENERATE_INFOPLIST_FILE = YES;
				INFOPLIST_FILE = Taxi_clone/Info.plist;
				INFOPLIST_KEY_UIApplicationSupportsIndirectInputEvents = YES;
				INFOPLIST_KEY_UILaunchStoryboardName = LaunchScreen;
				INFOPLIST_KEY_UIMainStoryboardFile = Main;
				INFOPLIST_KEY_UISupportedInterfaceOrientations_iPad = "UIInterfaceOrientationPortrait UIInterfaceOrientationPortraitUpsideDown UIInterfaceOrientationLandscapeLeft UIInterfaceOrientationLandscapeRight";
				INFOPLIST_KEY_UISupportedInterfaceOrientations_iPhone = "UIInterfaceOrientationPortrait UIInterfaceOrientationLandscapeLeft UIInterfaceOrientationLandscapeRight";
				LD_RUNPATH_SEARCH_PATHS = (
					"$(inherited)",
					"@executable_path/Frameworks",
				);
				MARKETING_VERSION = 1.0;
				PRODUCT_BUNDLE_IDENTIFIER = "Timofei-Iva.Taxi-clone";
				PRODUCT_NAME = "$(TARGET_NAME)";
				SWIFT_EMIT_LOC_STRINGS = YES;
				SWIFT_VERSION = 5.0;
				TARGETED_DEVICE_FAMILY = "1,2";
			};
			name = Debug;
		};
		2DCC0BD628FF38F6008E3B1D /* Release */ = {
			isa = XCBuildConfiguration;
			buildSettings = {
				ASSETCATALOG_COMPILER_APPICON_NAME = AppIcon;
				ASSETCATALOG_COMPILER_GLOBAL_ACCENT_COLOR_NAME = AccentColor;
				CODE_SIGN_STYLE = Automatic;
				CURRENT_PROJECT_VERSION = 1;
				DEVELOPMENT_TEAM = 84QP795ZK2;
				GENERATE_INFOPLIST_FILE = YES;
				INFOPLIST_FILE = Taxi_clone/Info.plist;
				INFOPLIST_KEY_UIApplicationSupportsIndirectInputEvents = YES;
				INFOPLIST_KEY_UILaunchStoryboardName = LaunchScreen;
				INFOPLIST_KEY_UIMainStoryboardFile = Main;
				INFOPLIST_KEY_UISupportedInterfaceOrientations_iPad = "UIInterfaceOrientationPortrait UIInterfaceOrientationPortraitUpsideDown UIInterfaceOrientationLandscapeLeft UIInterfaceOrientationLandscapeRight";
				INFOPLIST_KEY_UISupportedInterfaceOrientations_iPhone = "UIInterfaceOrientationPortrait UIInterfaceOrientationLandscapeLeft UIInterfaceOrientationLandscapeRight";
				LD_RUNPATH_SEARCH_PATHS = (
					"$(inherited)",
					"@executable_path/Frameworks",
				);
				MARKETING_VERSION = 1.0;
				PRODUCT_BUNDLE_IDENTIFIER = "Timofei-Iva.Taxi-clone";
				PRODUCT_NAME = "$(TARGET_NAME)";
				SWIFT_EMIT_LOC_STRINGS = YES;
				SWIFT_VERSION = 5.0;
				TARGETED_DEVICE_FAMILY = "1,2";
			};
			name = Release;
		};
/* End XCBuildConfiguration section */

/* Begin XCConfigurationList section */
		2DCC0BBB28FF38F5008E3B1D /* Build configuration list for PBXProject "Taxi_clone" */ = {
			isa = XCConfigurationList;
			buildConfigurations = (
				2DCC0BD228FF38F6008E3B1D /* Debug */,
				2DCC0BD328FF38F6008E3B1D /* Release */,
			);
			defaultConfigurationIsVisible = 0;
			defaultConfigurationName = Release;
		};
		2DCC0BD428FF38F6008E3B1D /* Build configuration list for PBXNativeTarget "Taxi_clone" */ = {
			isa = XCConfigurationList;
			buildConfigurations = (
				2DCC0BD528FF38F6008E3B1D /* Debug */,
				2DCC0BD628FF38F6008E3B1D /* Release */,
			);
			defaultConfigurationIsVisible = 0;
			defaultConfigurationName = Release;
		};
/* End XCConfigurationList section */

/* Begin XCRemoteSwiftPackageReference section */
		2DCF5ECE29148261003B0D27 /* XCRemoteSwiftPackageReference "firebase-ios-sdk" */ = {
			isa = XCRemoteSwiftPackageReference;
			repositoryURL = "https://github.com/firebase/firebase-ios-sdk";
			requirement = {
				branch = master;
				kind = branch;
			};
		};
/* End XCRemoteSwiftPackageReference section */

/* Begin XCSwiftPackageProductDependency section */
		2DCF5ECF29148261003B0D27 /* FirebaseAnalytics */ = {
			isa = XCSwiftPackageProductDependency;
			package = 2DCF5ECE29148261003B0D27 /* XCRemoteSwiftPackageReference "firebase-ios-sdk" */;
			productName = FirebaseAnalytics;
		};
		2DCF5ED129148261003B0D27 /* FirebaseAuth */ = {
			isa = XCSwiftPackageProductDependency;
			package = 2DCF5ECE29148261003B0D27 /* XCRemoteSwiftPackageReference "firebase-ios-sdk" */;
			productName = FirebaseAuth;
		};
		2DCF5ED329148261003B0D27 /* FirebaseDatabase */ = {
			isa = XCSwiftPackageProductDependency;
			package = 2DCF5ECE29148261003B0D27 /* XCRemoteSwiftPackageReference "firebase-ios-sdk" */;
			productName = FirebaseDatabase;
		};
		2DCF5ED529148261003B0D27 /* FirebaseStorage */ = {
			isa = XCSwiftPackageProductDependency;
			package = 2DCF5ECE29148261003B0D27 /* XCRemoteSwiftPackageReference "firebase-ios-sdk" */;
			productName = FirebaseStorage;
		};
/* End XCSwiftPackageProductDependency section */
	};
	rootObject = 2DCC0BB828FF38F5008E3B1D /* Project object */;
}
